{
  "requires": true,
  "lockfileVersion": 1,
  "dependencies": {
    "jquery-tablesort": {
      "version": "0.0.11",
      "resolved": "https://registry.npmjs.org/jquery-tablesort/-/jquery-tablesort-0.0.11.tgz",
      "integrity": "sha1-sRZ1Qv8AAei91qZOHFjZIggigwE="
    },
    "stupid-table-plugin": {
      "version": "1.1.3",
      "resolved": "https://registry.npmjs.org/stupid-table-plugin/-/stupid-table-plugin-1.1.3.tgz",
      "integrity": "sha1-4NcgONqCmXJ62nNUXS65wb5EMFY="
    }
  }
}
